
Microsoft Visual Studio Solution File, Format Version 12.00
# Visual Studio 2013
VisualStudioVersion = 12.0.31101.0
MinimumVisualStudioVersion = 10.0.40219.1
Project("{8BC9CEB8-8B4A-11D0-8D11-00A0C91BC942}") = "more.cpp.cli", "more.cpp.cli\more.cpp.cli.vcxproj", "{F3D32E88-568C-4032-8812-347004523E0D}"
EndProject
Project("{2150E333-8FDC-42A3-9474-1A3956D46DE8}") = "Solution Items", "Solution Items", "{3C4E8FDC-6FD7-43C3-B483-01A529B46FE4}"
	ProjectSection(SolutionItems) = preProject
		LICENSE.md = LICENSE.md
		README.md = README.md
	EndProjectSection
EndProject
Project("{2150E333-8FDC-42A3-9474-1A3956D46DE8}") = ".nuget", ".nuget", "{9D421ED9-5E55-41A6-9448-AB8D7323D685}"
	ProjectSection(SolutionItems) = preProject
		.nuget\NuGet.Config = .nuget\NuGet.Config
		.nuget\NuGet.exe = .nuget\NuGet.exe
		.nuget\NuGet.targets = .nuget\NuGet.targets
	EndProjectSection
EndProject
Project("{8BC9CEB8-8B4A-11D0-8D11-00A0C91BC942}") = "more.cpp.cli.test.unit", "more.cpp.cli.test.unit\more.cpp.cli.test.unit.vcxproj", "{9757CB21-B840-49A6-B057-9F322E543DD6}"
EndProject
Global
	GlobalSection(SolutionConfigurationPlatforms) = preSolution
		Debug|Win32 = Debug|Win32
		Release|Win32 = Release|Win32
	EndGlobalSection
	GlobalSection(ProjectConfigurationPlatforms) = postSolution
		{F3D32E88-568C-4032-8812-347004523E0D}.Debug|Win32.ActiveCfg = Debug|Win32
		{F3D32E88-568C-4032-8812-347004523E0D}.Debug|Win32.Build.0 = Debug|Win32
		{F3D32E88-568C-4032-8812-347004523E0D}.Release|Win32.ActiveCfg = Release|Win32
		{F3D32E88-568C-4032-8812-347004523E0D}.Release|Win32.Build.0 = Release|Win32
		{9757CB21-B840-49A6-B057-9F322E543DD6}.Debug|Win32.ActiveCfg = Debug|Win32
		{9757CB21-B840-49A6-B057-9F322E543DD6}.Debug|Win32.Build.0 = Debug|Win32
		{9757CB21-B840-49A6-B057-9F322E543DD6}.Release|Win32.ActiveCfg = Release|Win32
		{9757CB21-B840-49A6-B057-9F322E543DD6}.Release|Win32.Build.0 = Release|Win32
	EndGlobalSection
	GlobalSection(SolutionProperties) = preSolution
		HideSolutionNode = FALSE
	EndGlobalSection
EndGlobal
